
Microsoft Visual Studio Solution File, Format Version 12.00
# Visual Studio Version 16
VisualStudioVersion = 16.0.31409.214
MinimumVisualStudioVersion = 10.0.40219.1
Project("{FAE04EC0-301F-11D3-BF4B-00C04F79EFBC}") = "DevBuild_Lab4_3", "DevBuild_Lab4_3\DevBuild_Lab4_3.csproj", "{5064371E-1A5D-412A-A7D8-D2C31CFC8064}"
EndProject
Project("{2150E333-8FDC-42A3-9474-1A3956D46DE8}") = "Solution Items", "Solution Items", "{A0414915-8361-466A-8EE9-DECC4C002E26}"
	ProjectSection(SolutionItems) = preProject
		.gitignore = .gitignore
	EndProjectSection
EndProject
Global
	GlobalSection(SolutionConfigurationPlatforms) = preSolution
		Debug|Any CPU = Debug|Any CPU
		Release|Any CPU = Release|Any CPU
	EndGlobalSection
	GlobalSection(ProjectConfigurationPlatforms) = postSolution
		{5064371E-1A5D-412A-A7D8-D2C31CFC8064}.Debug|Any CPU.ActiveCfg = Debug|Any CPU
		{5064371E-1A5D-412A-A7D8-D2C31CFC8064}.Debug|Any CPU.Build.0 = Debug|Any CPU
		{5064371E-1A5D-412A-A7D8-D2C31CFC8064}.Release|Any CPU.ActiveCfg = Release|Any CPU
		{5064371E-1A5D-412A-A7D8-D2C31CFC8064}.Release|Any CPU.Build.0 = Release|Any CPU
	EndGlobalSection
	GlobalSection(SolutionProperties) = preSolution
		HideSolutionNode = FALSE
	EndGlobalSection
	GlobalSection(ExtensibilityGlobals) = postSolution
		SolutionGuid = {DCDE58B0-62AA-4822-9674-00531E46597B}
	EndGlobalSection
EndGlobal
